
Microsoft Visual Studio Solution File, Format Version 12.00
# Visual Studio Version 16
VisualStudioVersion = 16.0.30907.101
MinimumVisualStudioVersion = 10.0.40219.1
Project("{FAE04EC0-301F-11D3-BF4B-00C04F79EFBC}") = "HealthyHearts", "HealthyHearts.csproj", "{CCD621FF-47FE-4D4B-AE86-91FF1F50305F}"
EndProject
Global
	GlobalSection(SolutionConfigurationPlatforms) = preSolution
		Debug|Any CPU = Debug|Any CPU
		Release|Any CPU = Release|Any CPU
	EndGlobalSection
	GlobalSection(ProjectConfigurationPlatforms) = postSolution
		{CCD621FF-47FE-4D4B-AE86-91FF1F50305F}.Debug|Any CPU.ActiveCfg = Debug|Any CPU
		{CCD621FF-47FE-4D4B-AE86-91FF1F50305F}.Debug|Any CPU.Build.0 = Debug|Any CPU
		{CCD621FF-47FE-4D4B-AE86-91FF1F50305F}.Release|Any CPU.ActiveCfg = Release|Any CPU
		{CCD621FF-47FE-4D4B-AE86-91FF1F50305F}.Release|Any CPU.Build.0 = Release|Any CPU
	EndGlobalSection
	GlobalSection(SolutionProperties) = preSolution
		HideSolutionNode = FALSE
	EndGlobalSection
	GlobalSection(ExtensibilityGlobals) = postSolution
		SolutionGuid = {83EAEAC8-8AEE-42F4-A8C8-2DEE3408EAC3}
	EndGlobalSection
EndGlobal
