
Microsoft Visual Studio Solution File, Format Version 12.00
# Visual Studio Version 16
VisualStudioVersion = 16.0.31727.386
MinimumVisualStudioVersion = 10.0.40219.1
Project("{FAE04EC0-301F-11D3-BF4B-00C04F79EFBC}") = "DvdWebService", "DvdWebService\DvdWebService.csproj", "{1EEE2540-ACA7-4F73-9AEC-36AC0780EEED}"
EndProject
Global
	GlobalSection(SolutionConfigurationPlatforms) = preSolution
		Debug|Any CPU = Debug|Any CPU
		Release|Any CPU = Release|Any CPU
	EndGlobalSection
	GlobalSection(ProjectConfigurationPlatforms) = postSolution
		{1EEE2540-ACA7-4F73-9AEC-36AC0780EEED}.Debug|Any CPU.ActiveCfg = Debug|Any CPU
		{1EEE2540-ACA7-4F73-9AEC-36AC0780EEED}.Debug|Any CPU.Build.0 = Debug|Any CPU
		{1EEE2540-ACA7-4F73-9AEC-36AC0780EEED}.Release|Any CPU.ActiveCfg = Release|Any CPU
		{1EEE2540-ACA7-4F73-9AEC-36AC0780EEED}.Release|Any CPU.Build.0 = Release|Any CPU
	EndGlobalSection
	GlobalSection(SolutionProperties) = preSolution
		HideSolutionNode = FALSE
	EndGlobalSection
	GlobalSection(ExtensibilityGlobals) = postSolution
		SolutionGuid = {65FBF516-68D9-4073-8C44-308C0C56E2D3}
	EndGlobalSection
EndGlobal
